
Microsoft Visual Studio Solution File, Format Version 11.00
# Visual Studio 2010
Project("{FAE04EC0-301F-11D3-BF4B-00C04F79EFBC}") = "ChatApplication", "ChatApplication\ChatApplication.csproj", "{81235A9E-1427-4C90-9C59-1EFC38B450DA}"
EndProject
Global
	GlobalSection(SolutionConfigurationPlatforms) = preSolution
		Debug|Any CPU = Debug|Any CPU
		Release|Any CPU = Release|Any CPU
	EndGlobalSection
	GlobalSection(ProjectConfigurationPlatforms) = postSolution
		{81235A9E-1427-4C90-9C59-1EFC38B450DA}.Debug|Any CPU.ActiveCfg = Debug|Any CPU
		{81235A9E-1427-4C90-9C59-1EFC38B450DA}.Debug|Any CPU.Build.0 = Debug|Any CPU
		{81235A9E-1427-4C90-9C59-1EFC38B450DA}.Release|Any CPU.ActiveCfg = Release|Any CPU
		{81235A9E-1427-4C90-9C59-1EFC38B450DA}.Release|Any CPU.Build.0 = Release|Any CPU
	EndGlobalSection
	GlobalSection(SolutionProperties) = preSolution
		HideSolutionNode = FALSE
	EndGlobalSection
EndGlobal
