
Microsoft Visual Studio Solution File, Format Version 11.00
# Visual Studio 2010
Project("{FAE04EC0-301F-11D3-BF4B-00C04F79EFBC}") = "QuickReturnsTradeService", "QuickReturnsTradeService\QuickReturnsTradeService.csproj", "{E213FF4B-31A6-446B-A17D-F90AB6332844}"
EndProject
Project("{FAE04EC0-301F-11D3-BF4B-00C04F79EFBC}") = "TradeServiceHost", "TradeServiceHost\TradeServiceHost.csproj", "{3FD669DD-6C14-44B5-BA0E-58AE67D955DB}"
EndProject
Project("{FAE04EC0-301F-11D3-BF4B-00C04F79EFBC}") = "Client", "Client\Client.csproj", "{068A57C6-A612-496A-898E-FC81B18372EC}"
EndProject
Global
	GlobalSection(SolutionConfigurationPlatforms) = preSolution
		Debug|Any CPU = Debug|Any CPU
		Release|Any CPU = Release|Any CPU
	EndGlobalSection
	GlobalSection(ProjectConfigurationPlatforms) = postSolution
		{E213FF4B-31A6-446B-A17D-F90AB6332844}.Debug|Any CPU.ActiveCfg = Debug|Any CPU
		{E213FF4B-31A6-446B-A17D-F90AB6332844}.Debug|Any CPU.Build.0 = Debug|Any CPU
		{E213FF4B-31A6-446B-A17D-F90AB6332844}.Release|Any CPU.ActiveCfg = Release|Any CPU
		{E213FF4B-31A6-446B-A17D-F90AB6332844}.Release|Any CPU.Build.0 = Release|Any CPU
		{3FD669DD-6C14-44B5-BA0E-58AE67D955DB}.Debug|Any CPU.ActiveCfg = Debug|Any CPU
		{3FD669DD-6C14-44B5-BA0E-58AE67D955DB}.Debug|Any CPU.Build.0 = Debug|Any CPU
		{3FD669DD-6C14-44B5-BA0E-58AE67D955DB}.Release|Any CPU.ActiveCfg = Release|Any CPU
		{3FD669DD-6C14-44B5-BA0E-58AE67D955DB}.Release|Any CPU.Build.0 = Release|Any CPU
		{068A57C6-A612-496A-898E-FC81B18372EC}.Debug|Any CPU.ActiveCfg = Debug|Any CPU
		{068A57C6-A612-496A-898E-FC81B18372EC}.Debug|Any CPU.Build.0 = Debug|Any CPU
		{068A57C6-A612-496A-898E-FC81B18372EC}.Release|Any CPU.ActiveCfg = Release|Any CPU
		{068A57C6-A612-496A-898E-FC81B18372EC}.Release|Any CPU.Build.0 = Release|Any CPU
	EndGlobalSection
	GlobalSection(SolutionProperties) = preSolution
		HideSolutionNode = FALSE
	EndGlobalSection
EndGlobal
